
Microsoft Visual Studio Solution File, Format Version 12.00
# Visual Studio Version 16
VisualStudioVersion = 16.0.29102.190
MinimumVisualStudioVersion = 10.0.40219.1
Project("{FAE04EC0-301F-11D3-BF4B-00C04F79EFBC}") = "OrganizedNotes", "OrganizedNotes.csproj", "{0890445B-7276-414E-911E-BABF5819BD1A}"
EndProject
Global
	GlobalSection(SolutionConfigurationPlatforms) = preSolution
		Debug|Any CPU = Debug|Any CPU
		Release|Any CPU = Release|Any CPU
	EndGlobalSection
	GlobalSection(ProjectConfigurationPlatforms) = postSolution
		{0890445B-7276-414E-911E-BABF5819BD1A}.Debug|Any CPU.ActiveCfg = Debug|Any CPU
		{0890445B-7276-414E-911E-BABF5819BD1A}.Debug|Any CPU.Build.0 = Debug|Any CPU
		{0890445B-7276-414E-911E-BABF5819BD1A}.Release|Any CPU.ActiveCfg = Release|Any CPU
		{0890445B-7276-414E-911E-BABF5819BD1A}.Release|Any CPU.Build.0 = Release|Any CPU
	EndGlobalSection
	GlobalSection(SolutionProperties) = preSolution
		HideSolutionNode = FALSE
	EndGlobalSection
	GlobalSection(ExtensibilityGlobals) = postSolution
		SolutionGuid = {1D51F54A-BBA1-495B-8417-062AE8BC4F64}
	EndGlobalSection
EndGlobal
